{
  "name": "serverless-output-to-env",
  "version": "1.0.1",
  "lockfileVersion": 1,
  "requires": true,
  "dependencies": {
    "bluebird": {
      "version": "3.7.2",
      "resolved": "https://waracle.jfrog.io/waracle/api/npm/npm/bluebird/-/bluebird-3.7.2.tgz",
      "integrity": "sha1-nyKcFb4nJFT/qXOs4NvueaGww28="
    },
    "cfn-resolver-lib": {
      "version": "1.1.7",
      "resolved": "https://waracle.jfrog.io/waracle/api/npm/npm/cfn-resolver-lib/-/cfn-resolver-lib-1.1.7.tgz",
      "integrity": "sha1-nROw597goTbXMl4P9TlGvya2OTs=",
      "requires": {
        "lodash": "^4.17.15",
        "traverse": "^0.6.6"
      }
    },
    "dotenv": {
      "version": "9.0.2",
      "resolved": "https://registry.npmjs.org/dotenv/-/dotenv-9.0.2.tgz",
      "integrity": "sha512-I9OvvrHp4pIARv4+x9iuewrWycX6CcZtoAu1XrzPxc5UygMJXJZYmBsynku8IkrJwgypE5DGNjDPmPRhDCptUg=="
    },
    "lodash": {
      "version": "4.17.21",
      "resolved": "https://waracle.jfrog.io/waracle/api/npm/npm/lodash/-/lodash-4.17.21.tgz",
      "integrity": "sha1-Z5WRxWTDv/quhFTPCz3zcMPWkRw="
    },
    "traverse": {
      "version": "0.6.6",
      "resolved": "https://waracle.jfrog.io/waracle/api/npm/npm/traverse/-/traverse-0.6.6.tgz",
      "integrity": "sha1-y99WD9e5r2MlAv7UD5GMFX6pcTc="
    }
  }
}
